PODS:
  - Kingfisher (7.5.0)
  - SnapKit (5.6.0)

DEPENDENCIES:
  - Kingfisher
  - SnapKit (~> 5.6.0)

SPEC REPOS:
  trunk:
    - Kingfisher
    - SnapKit

SPEC CHECKSUMS:
  Kingfisher: b9c2a4a4af2990a768445c277359b27bde287d71
  SnapKit: e01d52ebb8ddbc333eefe2132acf85c8227d9c25

PODFILE CHECKSUM: 796fa1664efba18ade008f682560e1fceecaec49

COCOAPODS: 1.11.3
